
Microsoft Visual Studio Solution File, Format Version 12.00
# Visual Studio 15
VisualStudioVersion = 15.0.28307.572
MinimumVisualStudioVersion = 10.0.40219.1
Project("{FAE04EC0-301F-11D3-BF4B-00C04F79EFBC}") = "RabbitMq1", "RabbitMq1\RabbitMq1.csproj", "{D6284210-11AA-465C-B38A-59B4A80B9068}"
EndProject
Project("{FAE04EC0-301F-11D3-BF4B-00C04F79EFBC}") = "MqHelper", "MqHelper\MqHelper.csproj", "{25FADEF2-02DC-4DEC-9E5F-18410320114D}"
EndProject
Global
	GlobalSection(SolutionConfigurationPlatforms) = preSolution
		Debug|Any CPU = Debug|Any CPU
		Release|Any CPU = Release|Any CPU
	EndGlobalSection
	GlobalSection(ProjectConfigurationPlatforms) = postSolution
		{D6284210-11AA-465C-B38A-59B4A80B9068}.Debug|Any CPU.ActiveCfg = Debug|Any CPU
		{D6284210-11AA-465C-B38A-59B4A80B9068}.Debug|Any CPU.Build.0 = Debug|Any CPU
		{D6284210-11AA-465C-B38A-59B4A80B9068}.Release|Any CPU.ActiveCfg = Release|Any CPU
		{D6284210-11AA-465C-B38A-59B4A80B9068}.Release|Any CPU.Build.0 = Release|Any CPU
		{25FADEF2-02DC-4DEC-9E5F-18410320114D}.Debug|Any CPU.ActiveCfg = Debug|Any CPU
		{25FADEF2-02DC-4DEC-9E5F-18410320114D}.Debug|Any CPU.Build.0 = Debug|Any CPU
		{25FADEF2-02DC-4DEC-9E5F-18410320114D}.Release|Any CPU.ActiveCfg = Release|Any CPU
		{25FADEF2-02DC-4DEC-9E5F-18410320114D}.Release|Any CPU.Build.0 = Release|Any CPU
	EndGlobalSection
	GlobalSection(SolutionProperties) = preSolution
		HideSolutionNode = FALSE
	EndGlobalSection
	GlobalSection(ExtensibilityGlobals) = postSolution
		SolutionGuid = {F08C9C5F-C483-49EC-82FC-C09DDBFD4BE7}
	EndGlobalSection
EndGlobal
